
Microsoft Visual Studio Solution File, Format Version 12.00
# Visual Studio Version 16
VisualStudioVersion = 16.0.34031.81
MinimumVisualStudioVersion = 10.0.40219.1
Project("{FAE04EC0-301F-11D3-BF4B-00C04F79EFBC}") = "MVCAngular", "MVCAngular\MVCAngular.csproj", "{DA6EB113-B445-40DE-B4BB-1932BDF192B3}"
EndProject
Global
	GlobalSection(SolutionConfigurationPlatforms) = preSolution
		Debug|Any CPU = Debug|Any CPU
		Release|Any CPU = Release|Any CPU
	EndGlobalSection
	GlobalSection(ProjectConfigurationPlatforms) = postSolution
		{DA6EB113-B445-40DE-B4BB-1932BDF192B3}.Debug|Any CPU.ActiveCfg = Debug|Any CPU
		{DA6EB113-B445-40DE-B4BB-1932BDF192B3}.Debug|Any CPU.Build.0 = Debug|Any CPU
		{DA6EB113-B445-40DE-B4BB-1932BDF192B3}.Release|Any CPU.ActiveCfg = Release|Any CPU
		{DA6EB113-B445-40DE-B4BB-1932BDF192B3}.Release|Any CPU.Build.0 = Release|Any CPU
	EndGlobalSection
	GlobalSection(SolutionProperties) = preSolution
		HideSolutionNode = FALSE
	EndGlobalSection
	GlobalSection(ExtensibilityGlobals) = postSolution
		SolutionGuid = {94C58DED-73B1-4AE7-B59B-B2AE1BAAD8A8}
	EndGlobalSection
EndGlobal
